// !$*UTF8*$!
{
	archiveVersion = 1;
	classes = {
	};
	objectVersion = 46;
	objects = {

/* Begin PBXBuildFile section */
		DAA7718C1AECBA3800BE4C95 /* AppDelegate.swift in Sources */ = {isa = PBXBuildFile; fileRef = DAA7718B1AECBA3800BE4C95 /* AppDelegate.swift */; };
		DAA7718E1AECBA3800BE4C95 /* ViewController.swift in Sources */ = {isa = PBXBuildFile; fileRef = DAA7718D1AECBA3800BE4C95 /* ViewController.swift */; };
		DAA771911AECBA3800BE4C95 /* Main.storyboard in Resources */ = {isa = PBXBuildFile; fileRef = DAA7718F1AECBA3800BE4C95 /* Main.storyboard */; };
		DAA771931AECBA3800BE4C95 /* Images.xcassets in Resources */ = {isa = PBXBuildFile; fileRef = DAA771921AECBA3800BE4C95 /* Images.xcassets */; };
		DAA771961AECBA3800BE4C95 /* LaunchScreen.xib in Resources */ = {isa = PBXBuildFile; fileRef = DAA771941AECBA3800BE4C95 /* LaunchScreen.xib */; };
		DAA771A21AECBA3800BE4C95 /* Where_Am_I_Tests.swift in Sources */ = {isa = PBXBuildFile; fileRef = DAA771A11AECBA3800BE4C95 /* Where_Am_I_Tests.swift */; };
		DAA771AC1AECBA4300BE4C95 /* CoreLocation.framework in Frameworks */ = {isa = PBXBuildFile; fileRef = DAA771AB1AECBA4300BE4C95 /* CoreLocation.framework */; };
		DAA771AE1AECC36E00BE4C95 /* AddressBookUI.framework in Frameworks */ = {isa = PBXBuildFile; fileRef = DAA771AD1AECC36E00BE4C95 /* AddressBookUI.framework */; };
/* End PBXBuildFile section */

/* Begin PBXContainerItemProxy section */
		DAA7719C1AECBA3800BE4C95 /* PBXContainerItemProxy */ = {
			isa = PBXContainerItemProxy;
			containerPortal = DAA7717E1AECBA3800BE4C95 /* Project object */;
			proxyType = 1;
			remoteGlobalIDString = DAA771851AECBA3800BE4C95;
			remoteInfo = "Where Am I?";
		};
/* End PBXContainerItemProxy section */

/* Begin PBXFileReference section */
		DAA771861AECBA3800BE4C95 /* Where Am I?.app */ = {isa = PBXFileReference; explicitFileType = wrapper.application; includeInIndex = 0; path = "Where Am I?.app"; sourceTree = BUILT_PRODUCTS_DIR; };
		DAA7718A1AECBA3800BE4C95 /* Info.plist */ = {isa = PBXFileReference; lastKnownFileType = text.plist.xml; path = Info.plist; sourceTree = "<group>"; };
		DAA7718B1AECBA3800BE4C95 /* AppDelegate.swift */ = {isa = PBXFileReference; lastKnownFileType = sourcecode.swift; path = AppDelegate.swift; sourceTree = "<group>"; };
		DAA7718D1AECBA3800BE4C95 /* ViewController.swift */ = {isa = PBXFileReference; lastKnownFileType = sourcecode.swift; path = ViewController.swift; sourceTree = "<group>"; };
		DAA771901AECBA3800BE4C95 /* Base */ = {isa = PBXFileReference; lastKnownFileType = file.storyboard; name = Base; path = Base.lproj/Main.storyboard; sourceTree = "<group>"; };
		DAA771921AECBA3800BE4C95 /* Images.xcassets */ = {isa = PBXFileReference; lastKnownFileType = folder.assetcatalog; path = Images.xcassets; sourceTree = "<group>"; };
		DAA771951AECBA3800BE4C95 /* Base */ = {isa = PBXFileReference; lastKnownFileType = file.xib; name = Base; path = Base.lproj/LaunchScreen.xib; sourceTree = "<group>"; };
		DAA7719B1AECBA3800BE4C95 /* Where Am I?Tests.xctest */ = {isa = PBXFileReference; explicitFileType = wrapper.cfbundle; includeInIndex = 0; path = "Where Am I?Tests.xctest"; sourceTree = BUILT_PRODUCTS_DIR; };
		DAA771A01AECBA3800BE4C95 /* Info.plist */ = {isa = PBXFileReference; lastKnownFileType = text.plist.xml; path = Info.plist; sourceTree = "<group>"; };
		DAA771A11AECBA3800BE4C95 /* Where_Am_I_Tests.swift */ = {isa = PBXFileReference; lastKnownFileType = sourcecode.swift; path = Where_Am_I_Tests.swift; sourceTree = "<group>"; };
		DAA771AB1AECBA4300BE4C95 /* CoreLocation.framework */ = {isa = PBXFileReference; lastKnownFileType = wrapper.framework; name = CoreLocation.framework; path = System/Library/Frameworks/CoreLocation.framework; sourceTree = SDKROOT; };
		DAA771AD1AECC36E00BE4C95 /* AddressBookUI.framework */ = {isa = PBXFileReference; lastKnownFileType = wrapper.framework; name = AddressBookUI.framework; path = System/Library/Frameworks/AddressBookUI.framework; sourceTree = SDKROOT; };
/* End PBXFileReference section */

/* Begin PBXFrameworksBuildPhase section */
		DAA771831AECBA3800BE4C95 /* Frameworks */ = {
			isa = PBXFrameworksBuildPhase;
			buildActionMask = 2147483647;
			files = (
				DAA771AE1AECC36E00BE4C95 /* AddressBookUI.framework in Frameworks */,
				DAA771AC1AECBA4300BE4C95 /* CoreLocation.framework in Frameworks */,
			);
			runOnlyForDeploymentPostprocessing = 0;
		};
		DAA771981AECBA3800BE4C95 /* Frameworks */ = {
			isa = PBXFrameworksBuildPhase;
			buildActionMask = 2147483647;
			files = (
			);
			runOnlyForDeploymentPostprocessing = 0;
		};
/* End PBXFrameworksBuildPhase section */

/* Begin PBXGroup section */
		DAA7717D1AECBA3800BE4C95 = {
			isa = PBXGroup;
			children = (
				DAA771AD1AECC36E00BE4C95 /* AddressBookUI.framework */,
				DAA771AB1AECBA4300BE4C95 /* CoreLocation.framework */,
				DAA771881AECBA3800BE4C95 /* Where Am I? */,
				DAA7719E1AECBA3800BE4C95 /* Where Am I?Tests */,
				DAA771871AECBA3800BE4C95 /* Products */,
			);
			sourceTree = "<group>";
		};
		DAA771871AECBA3800BE4C95 /* Products */ = {
			isa = PBXGroup;
			children = (
				DAA771861AECBA3800BE4C95 /* Where Am I?.app */,
				DAA7719B1AECBA3800BE4C95 /* Where Am I?Tests.xctest */,
			);
			name = Products;
			sourceTree = "<group>";
		};
		DAA771881AECBA3800BE4C95 /* Where Am I? */ = {
			isa = PBXGroup;
			children = (
				DAA7718B1AECBA3800BE4C95 /* AppDelegate.swift */,
				DAA7718D1AECBA3800BE4C95 /* ViewController.swift */,
				DAA7718F1AECBA3800BE4C95 /* Main.storyboard */,
				DAA771921AECBA3800BE4C95 /* Images.xcassets */,
				DAA771941AECBA3800BE4C95 /* LaunchScreen.xib */,
				DAA771891AECBA3800BE4C95 /* Supporting Files */,
			);
			path = "Where Am I?";
			sourceTree = "<group>";
		};
		DAA771891AECBA3800BE4C95 /* Supporting Files */ = {
			isa = PBXGroup;
			children = (
				DAA7718A1AECBA3800BE4C95 /* Info.plist */,
			);
			name = "Supporting Files";
			sourceTree = "<group>";
		};
		DAA7719E1AECBA3800BE4C95 /* Where Am I?Tests */ = {
			isa = PBXGroup;
			children = (
				DAA771A11AECBA3800BE4C95 /* Where_Am_I_Tests.swift */,
				DAA7719F1AECBA3800BE4C95 /* Supporting Files */,
			);
			path = "Where Am I?Tests";
			sourceTree = "<group>";
		};
		DAA7719F1AECBA3800BE4C95 /* Supporting Files */ = {
			isa = PBXGroup;
			children = (
				DAA771A01AECBA3800BE4C95 /* Info.plist */,
			);
			name = "Supporting Files";
			sourceTree = "<group>";
		};
/* End PBXGroup section */

/* Begin PBXNativeTarget section */
		DAA771851AECBA3800BE4C95 /* Where Am I? */ = {
			isa = PBXNativeTarget;
			buildConfigurationList = DAA771A51AECBA3800BE4C95 /* Build configuration list for PBXNativeTarget "Where Am I?" */;
			buildPhases = (
				DAA771821AECBA3800BE4C95 /* Sources */,
				DAA771831AECBA3800BE4C95 /* Frameworks */,
				DAA771841AECBA3800BE4C95 /* Resources */,
			);
			buildRules = (
			);
			dependencies = (
			);
			name = "Where Am I?";
			productName = "Where Am I?";
			productReference = DAA771861AECBA3800BE4C95 /* Where Am I?.app */;
			productType = "com.apple.product-type.application";
		};
		DAA7719A1AECBA3800BE4C95 /* Where Am I?Tests */ = {
			isa = PBXNativeTarget;
			buildConfigurationList = DAA771A81AECBA3800BE4C95 /* Build configuration list for PBXNativeTarget "Where Am I?Tests" */;
			buildPhases = (
				DAA771971AECBA3800BE4C95 /* Sources */,
				DAA771981AECBA3800BE4C95 /* Frameworks */,
				DAA771991AECBA3800BE4C95 /* Resources */,
			);
			buildRules = (
			);
			dependencies = (
				DAA7719D1AECBA3800BE4C95 /* PBXTargetDependency */,
			);
			name = "Where Am I?Tests";
			productName = "Where Am I?Tests";
			productReference = DAA7719B1AECBA3800BE4C95 /* Where Am I?Tests.xctest */;
			productType = "com.apple.product-type.bundle.unit-test";
		};
/* End PBXNativeTarget section */

/* Begin PBXProject section */
		DAA7717E1AECBA3800BE4C95 /* Project object */ = {
			isa = PBXProject;
			attributes = {
				LastUpgradeCheck = 0630;
				ORGANIZATIONNAME = coppermind;
				TargetAttributes = {
					DAA771851AECBA3800BE4C95 = {
						CreatedOnToolsVersion = 6.3.1;
					};
					DAA7719A1AECBA3800BE4C95 = {
						CreatedOnToolsVersion = 6.3.1;
						TestTargetID = DAA771851AECBA3800BE4C95;
					};
				};
			};
			buildConfigurationList = DAA771811AECBA3800BE4C95 /* Build configuration list for PBXProject "Where Am I?" */;
			compatibilityVersion = "Xcode 3.2";
			developmentRegion = English;
			hasScannedForEncodings = 0;
			knownRegions = (
				en,
				Base,
			);
			mainGroup = DAA7717D1AECBA3800BE4C95;
			productRefGroup = DAA771871AECBA3800BE4C95 /* Products */;
			projectDirPath = "";
			projectRoot = "";
			targets = (
				DAA771851AECBA3800BE4C95 /* Where Am I? */,
				DAA7719A1AECBA3800BE4C95 /* Where Am I?Tests */,
			);
		};
/* End PBXProject section */

/* Begin PBXResourcesBuildPhase section */
		DAA771841AECBA3800BE4C95 /* Resources */ = {
			isa = PBXResourcesBuildPhase;
			buildActionMask = 2147483647;
			files = (
				DAA771911AECBA3800BE4C95 /* Main.storyboard in Resources */,
				DAA771961AECBA3800BE4C95 /* LaunchScreen.xib in Resources */,
				DAA771931AECBA3800BE4C95 /* Images.xcassets in Resources */,
			);
			runOnlyForDeploymentPostprocessing = 0;
		};
		DAA771991AECBA3800BE4C95 /* Resources */ = {
			isa = PBXResourcesBuildPhase;
			buildActionMask = 2147483647;
			files = (
			);
			runOnlyForDeploymentPostprocessing = 0;
		};
/* End PBXResourcesBuildPhase section */

/* Begin PBXSourcesBuildPhase section */
		DAA771821AECBA3800BE4C95 /* Sources */ = {
			isa = PBXSourcesBuildPhase;
			buildActionMask = 2147483647;
			files = (
				DAA7718E1AECBA3800BE4C95 /* ViewController.swift in Sources */,
				DAA7718C1AECBA3800BE4C95 /* AppDelegate.swift in Sources */,
			);
			runOnlyForDeploymentPostprocessing = 0;
		};
		DAA771971AECBA3800BE4C95 /* Sources */ = {
			isa = PBXSourcesBuildPhase;
			buildActionMask = 2147483647;
			files = (
				DAA771A21AECBA3800BE4C95 /* Where_Am_I_Tests.swift in Sources */,
			);
			runOnlyForDeploymentPostprocessing = 0;
		};
/* End PBXSourcesBuildPhase section */

/* Begin PBXTargetDependency section */
		DAA7719D1AECBA3800BE4C95 /* PBXTargetDependency */ = {
			isa = PBXTargetDependency;
			target = DAA771851AECBA3800BE4C95 /* Where Am I? */;
			targetProxy = DAA7719C1AECBA3800BE4C95 /* PBXContainerItemProxy */;
		};
/* End PBXTargetDependency section */

/* Begin PBXVariantGroup section */
		DAA7718F1AECBA3800BE4C95 /* Main.storyboard */ = {
			isa = PBXVariantGroup;
			children = (
				DAA771901AECBA3800BE4C95 /* Base */,
			);
			name = Main.storyboard;
			sourceTree = "<group>";
		};
		DAA771941AECBA3800BE4C95 /* LaunchScreen.xib */ = {
			isa = PBXVariantGroup;
			children = (
				DAA771951AECBA3800BE4C95 /* Base */,
			);
			name = LaunchScreen.xib;
			sourceTree = "<group>";
		};
/* End PBXVariantGroup section */

/* Begin XCBuildConfiguration section */
		DAA771A31AECBA3800BE4C95 /* Debug */ = {
			isa = XCBuildConfiguration;
			buildSettings = {
				ALWAYS_SEARCH_USER_PATHS = NO;
				CLANG_CXX_LANGUAGE_STANDARD = "gnu++0x";
				CLANG_CXX_LIBRARY = "libc++";
				CLANG_ENABLE_MODULES = YES;
				CLANG_ENABLE_OBJC_ARC = YES;
				CLANG_WARN_BOOL_CONVERSION = YES;
				CLANG_WARN_CONSTANT_CONVERSION = YES;
				CLANG_WARN_DIRECT_OBJC_ISA_USAGE = YES_ERROR;
				CLANG_WARN_EMPTY_BODY = YES;
				CLANG_WARN_ENUM_CONVERSION = YES;
				CLANG_WARN_INT_CONVERSION = YES;
				CLANG_WARN_OBJC_ROOT_CLASS = YES_ERROR;
				CLANG_WARN_UNREACHABLE_CODE = YES;
				CLANG_WARN__DUPLICATE_METHOD_MATCH = YES;
				"CODE_SIGN_IDENTITY[sdk=iphoneos*]" = "iPhone Developer";
				COPY_PHASE_STRIP = NO;
				DEBUG_INFORMATION_FORMAT = "dwarf-with-dsym";
				ENABLE_STRICT_OBJC_MSGSEND = YES;
				GCC_C_LANGUAGE_STANDARD = gnu99;
				GCC_DYNAMIC_NO_PIC = NO;
				GCC_NO_COMMON_BLOCKS = YES;
				GCC_OPTIMIZATION_LEVEL = 0;
				GCC_PREPROCESSOR_DEFINITIONS = (
					"DEBUG=1",
					"$(inherited)",
				);
				GCC_SYMBOLS_PRIVATE_EXTERN = NO;
				GCC_WARN_64_TO_32_BIT_CONVERSION = YES;
				GCC_WARN_ABOUT_RETURN_TYPE = YES_ERROR;
				GCC_WARN_UNDECLARED_SELECTOR = YES;
				GCC_WARN_UNINITIALIZED_AUTOS = YES_AGGRESSIVE;
				GCC_WARN_UNUSED_FUNCTION = YES;
				GCC_WARN_UNUSED_VARIABLE = YES;
				IPHONEOS_DEPLOYMENT_TARGET = 8.3;
				MTL_ENABLE_DEBUG_INFO = YES;
				ONLY_ACTIVE_ARCH = YES;
				SDKROOT = iphoneos;
				SWIFT_OPTIMIZATION_LEVEL = "-Onone";
			};
			name = Debug;
		};
		DAA771A41AECBA3800BE4C95 /* Release */ = {
			isa = XCBuildConfiguration;
			buildSettings = {
				ALWAYS_SEARCH_USER_PATHS = NO;
				CLANG_CXX_LANGUAGE_STANDARD = "gnu++0x";
				CLANG_CXX_LIBRARY = "libc++";
				CLANG_ENABLE_MODULES = YES;
				CLANG_ENABLE_OBJC_ARC = YES;
				CLANG_WARN_BOOL_CONVERSION = YES;
				CLANG_WARN_CONSTANT_CONVERSION = YES;
				CLANG_WARN_DIRECT_OBJC_ISA_USAGE = YES_ERROR;
				CLANG_WARN_EMPTY_BODY = YES;
				CLANG_WARN_ENUM_CONVERSION = YES;
				CLANG_WARN_INT_CONVERSION = YES;
				CLANG_WARN_OBJC_ROOT_CLASS = YES_ERROR;
				CLANG_WARN_UNREACHABLE_CODE = YES;
				CLANG_WARN__DUPLICATE_METHOD_MATCH = YES;
				"CODE_SIGN_IDENTITY[sdk=iphoneos*]" = "iPhone Developer";
				COPY_PHASE_STRIP = NO;
				DEBUG_INFORMATION_FORMAT = "dwarf-with-dsym";
				ENABLE_NS_ASSERTIONS = NO;
				ENABLE_STRICT_OBJC_MSGSEND = YES;
				GCC_C_LANGUAGE_STANDARD = gnu99;
				GCC_NO_COMMON_BLOCKS = YES;
				GCC_WARN_64_TO_32_BIT_CONVERSION = YES;
				GCC_WARN_ABOUT_RETURN_TYPE = YES_ERROR;
				GCC_WARN_UNDECLARED_SELECTOR = YES;
				GCC_WARN_UNINITIALIZED_AUTOS = YES_AGGRESSIVE;
				GCC_WARN_UNUSED_FUNCTION = YES;
				GCC_WARN_UNUSED_VARIABLE = YES;
				IPHONEOS_DEPLOYMENT_TARGET = 8.3;
				MTL_ENABLE_DEBUG_INFO = NO;
				SDKROOT = iphoneos;
				VALIDATE_PRODUCT = YES;
			};
			name = Release;
		};
		DAA771A61AECBA3800BE4C95 /* Debug */ = {
			isa = XCBuildConfiguration;
			buildSettings = {
				ASSETCATALOG_COMPILER_APPICON_NAME = AppIcon;
				INFOPLIST_FILE = "Where Am I?/Info.plist";
				LD_RUNPATH_SEARCH_PATHS = "$(inherited) @executable_path/Frameworks";
				PRODUCT_NAME = "$(TARGET_NAME)";
			};
			name = Debug;
		};
		DAA771A71AECBA3800BE4C95 /* Release */ = {
			isa = XCBuildConfiguration;
			buildSettings = {
				ASSETCATALOG_COMPILER_APPICON_NAME = AppIcon;
				INFOPLIST_FILE = "Where Am I?/Info.plist";
				LD_RUNPATH_SEARCH_PATHS = "$(inherited) @executable_path/Frameworks";
				PRODUCT_NAME = "$(TARGET_NAME)";
			};
			name = Release;
		};
		DAA771A91AECBA3800BE4C95 /* Debug */ = {
			isa = XCBuildConfiguration;
			buildSettings = {
				BUNDLE_LOADER = "$(TEST_HOST)";
				FRAMEWORK_SEARCH_PATHS = (
					"$(SDKROOT)/Developer/Library/Frameworks",
					"$(inherited)",
				);
				GCC_PREPROCESSOR_DEFINITIONS = (
					"DEBUG=1",
					"$(inherited)",
				);
				INFOPLIST_FILE = "Where Am I?Tests/Info.plist";
				LD_RUNPATH_SEARCH_PATHS = "$(inherited) @executable_path/Frameworks @loader_path/Frameworks";
				PRODUCT_NAME = "$(TARGET_NAME)";
				TEST_HOST = "$(BUILT_PRODUCTS_DIR)/Where Am I?.app/Where Am I?";
			};
			name = Debug;
		};
		DAA771AA1AECBA3800BE4C95 /* Release */ = {
			isa = XCBuildConfiguration;
			buildSettings = {
				BUNDLE_LOADER = "$(TEST_HOST)";
				FRAMEWORK_SEARCH_PATHS = (
					"$(SDKROOT)/Developer/Library/Frameworks",
					"$(inherited)",
				);
				INFOPLIST_FILE = "Where Am I?Tests/Info.plist";
				LD_RUNPATH_SEARCH_PATHS = "$(inherited) @executable_path/Frameworks @loader_path/Frameworks";
				PRODUCT_NAME = "$(TARGET_NAME)";
				TEST_HOST = "$(BUILT_PRODUCTS_DIR)/Where Am I?.app/Where Am I?";
			};
			name = Release;
		};
/* End XCBuildConfiguration section */

/* Begin XCConfigurationList section */
		DAA771811AECBA3800BE4C95 /* Build configuration list for PBXProject "Where Am I?" */ = {
			isa = XCConfigurationList;
			buildConfigurations = (
				DAA771A31AECBA3800BE4C95 /* Debug */,
				DAA771A41AECBA3800BE4C95 /* Release */,
			);
			defaultConfigurationIsVisible = 0;
			defaultConfigurationName = Release;
		};
		DAA771A51AECBA3800BE4C95 /* Build configuration list for PBXNativeTarget "Where Am I?" */ = {
			isa = XCConfigurationList;
			buildConfigurations = (
				DAA771A61AECBA3800BE4C95 /* Debug */,
				DAA771A71AECBA3800BE4C95 /* Release */,
			);
			defaultConfigurationIsVisible = 0;
			defaultConfigurationName = Release;
		};
		DAA771A81AECBA3800BE4C95 /* Build configuration list for PBXNativeTarget "Where Am I?Tests" */ = {
			isa = XCConfigurationList;
			buildConfigurations = (
				DAA771A91AECBA3800BE4C95 /* Debug */,
				DAA771AA1AECBA3800BE4C95 /* Release */,
			);
			defaultConfigurationIsVisible = 0;
			defaultConfigurationName = Release;
		};
/* End XCConfigurationList section */
	};
	rootObject = DAA7717E1AECBA3800BE4C95 /* Project object */;
}
